// !$*UTF8*$!
{
	archiveVersion = 1;
	classes = {
	};
	objectVersion = 46;
	objects = {

/* Begin PBXBuildFile section */
		7B6076091364637300BDC2BE /* Cocoa.framework in Frameworks */ = {isa = PBXBuildFile; fileRef = 7B6076081364637300BDC2BE /* Cocoa.framework */; };
		7B6076131364637300BDC2BE /* InfoPlist.strings in Resources */ = {isa = PBXBuildFile; fileRef = 7B6076111364637300BDC2BE /* InfoPlist.strings */; };
		7B6076161364637300BDC2BE /* main.m in Sources */ = {isa = PBXBuildFile; fileRef = 7B6076151364637300BDC2BE /* main.m */; };
		7B6076191364637300BDC2BE /* Credits.rtf in Resources */ = {isa = PBXBuildFile; fileRef = 7B6076171364637300BDC2BE /* Credits.rtf */; };
		7B60761C1364637300BDC2BE /* TunesTimeCounterAppDelegate.m in Sources */ = {isa = PBXBuildFile; fileRef = 7B60761B1364637300BDC2BE /* TunesTimeCounterAppDelegate.m */; };
		7B60761F1364637400BDC2BE /* MainMenu.xib in Resources */ = {isa = PBXBuildFile; fileRef = 7B60761D1364637400BDC2BE /* MainMenu.xib */; };
		7B7984DD138935E3001AB3E3 /* Localizable.strings in Resources */ = {isa = PBXBuildFile; fileRef = 7B7984DF138935E3001AB3E3 /* Localizable.strings */; };
		7B7984E113893DC2001AB3E3 /* FLUtils.m in Sources */ = {isa = PBXBuildFile; fileRef = 7B7984E013893DC2001AB3E3 /* FLUtils.m */; };
		7B93E38022A16DBA00709971 /* Assets.xcassets in Resources */ = {isa = PBXBuildFile; fileRef = 7B93E37F22A16DBA00709971 /* Assets.xcassets */; };
		7B9AA2C51427FBBA000D5CB4 /* FLPreferencesWindowController.m in Sources */ = {isa = PBXBuildFile; fileRef = 7B9AA2C41427FBBA000D5CB4 /* FLPreferencesWindowController.m */; };
		7B9AA2C81427FBE2000D5CB4 /* FLPreferencesWindow.xib in Resources */ = {isa = PBXBuildFile; fileRef = 7B9AA2C71427FBE2000D5CB4 /* FLPreferencesWindow.xib */; };
		7BBA120813880B91000B0926 /* ScriptingBridge.framework in Frameworks */ = {isa = PBXBuildFile; fileRef = 7BBA120713880B91000B0926 /* ScriptingBridge.framework */; };
		7BEB8003138958EA0094B7BC /* FLDurationTransformer.m in Sources */ = {isa = PBXBuildFile; fileRef = 7BEB8002138958EA0094B7BC /* FLDurationTransformer.m */; };
/* End PBXBuildFile section */

/* Begin PBXFileReference section */
		7B342B42147C8B6C003FD577 /* Tunes Time Counter.entitlements */ = {isa = PBXFileReference; lastKnownFileType = text.xml; path = "Tunes Time Counter.entitlements"; sourceTree = "<group>"; };
		7B6076041364637300BDC2BE /* Tunes Time Counter.app */ = {isa = PBXFileReference; explicitFileType = wrapper.application; includeInIndex = 0; path = "Tunes Time Counter.app"; sourceTree = BUILT_PRODUCTS_DIR; };
		7B6076081364637300BDC2BE /* Cocoa.framework */ = {isa = PBXFileReference; lastKnownFileType = wrapper.framework; name = Cocoa.framework; path = System/Library/Frameworks/Cocoa.framework; sourceTree = SDKROOT; };
		7B60760B1364637300BDC2BE /* AppKit.framework */ = {isa = PBXFileReference; lastKnownFileType = wrapper.framework; name = AppKit.framework; path = System/Library/Frameworks/AppKit.framework; sourceTree = SDKROOT; };
		7B60760C1364637300BDC2BE /* CoreData.framework */ = {isa = PBXFileReference; lastKnownFileType = wrapper.framework; name = CoreData.framework; path = System/Library/Frameworks/CoreData.framework; sourceTree = SDKROOT; };
		7B60760D1364637300BDC2BE /* Foundation.framework */ = {isa = PBXFileReference; lastKnownFileType = wrapper.framework; name = Foundation.framework; path = System/Library/Frameworks/Foundation.framework; sourceTree = SDKROOT; };
		7B6076101364637300BDC2BE /* Tunes Time Counter-Info.plist */ = {isa = PBXFileReference; lastKnownFileType = text.plist.xml; path = "Tunes Time Counter-Info.plist"; sourceTree = "<group>"; };
		7B6076121364637300BDC2BE /* en */ = {isa = PBXFileReference; lastKnownFileType = text.plist.strings; name = en; path = en.lproj/InfoPlist.strings; sourceTree = "<group>"; };
		7B6076141364637300BDC2BE /* Tunes Time Counter-Prefix.pch */ = {isa = PBXFileReference; lastKnownFileType = sourcecode.c.h; path = "Tunes Time Counter-Prefix.pch"; sourceTree = "<group>"; };
		7B6076151364637300BDC2BE /* main.m */ = {isa = PBXFileReference; lastKnownFileType = sourcecode.c.objc; path = main.m; sourceTree = "<group>"; };
		7B6076181364637300BDC2BE /* en */ = {isa = PBXFileReference; lastKnownFileType = text.rtf; name = en; path = en.lproj/Credits.rtf; sourceTree = "<group>"; };
		7B60761A1364637300BDC2BE /* TunesTimeCounterAppDelegate.h */ = {isa = PBXFileReference; fileEncoding = 4; lastKnownFileType = sourcecode.c.h; path = TunesTimeCounterAppDelegate.h; sourceTree = "<group>"; };
		7B60761B1364637300BDC2BE /* TunesTimeCounterAppDelegate.m */ = {isa = PBXFileReference; fileEncoding = 4; lastKnownFileType = sourcecode.c.objc; path = TunesTimeCounterAppDelegate.m; sourceTree = "<group>"; };
		7B7984D913892DA5001AB3E3 /* FLUtils.h */ = {isa = PBXFileReference; fileEncoding = 4; lastKnownFileType = sourcecode.c.h; path = FLUtils.h; sourceTree = "<group>"; };
		7B7984DA13892ED5001AB3E3 /* iTunes.h */ = {isa = PBXFileReference; fileEncoding = 4; lastKnownFileType = sourcecode.c.h; path = iTunes.h; sourceTree = "<group>"; };
		7B7984DE138935E3001AB3E3 /* en */ = {isa = PBXFileReference; lastKnownFileType = text.plist.strings; name = en; path = en.lproj/Localizable.strings; sourceTree = "<group>"; };
		7B7984E013893DC2001AB3E3 /* FLUtils.m */ = {isa = PBXFileReference; fileEncoding = 4; lastKnownFileType = sourcecode.c.objc; path = FLUtils.m; sourceTree = "<group>"; };
		7B7C6CB2138A9F0F00771902 /* FLConstants.h */ = {isa = PBXFileReference; fileEncoding = 4; lastKnownFileType = sourcecode.c.h; path = FLConstants.h; sourceTree = "<group>"; };
		7B93E37F22A16DBA00709971 /* Assets.xcassets */ = {isa = PBXFileReference; lastKnownFileType = folder.assetcatalog; path = Assets.xcassets; sourceTree = "<group>"; };
		7B94D1ED22A07D8000848832 /* Base */ = {isa = PBXFileReference; lastKnownFileType = file.xib; name = Base; path = Base.lproj/MainMenu.xib; sourceTree = "<group>"; };
		7B9AA2C31427FBBA000D5CB4 /* FLPreferencesWindowController.h */ = {isa = PBXFileReference; fileEncoding = 4; lastKnownFileType = sourcecode.c.h; path = FLPreferencesWindowController.h; sourceTree = "<group>"; };
		7B9AA2C41427FBBA000D5CB4 /* FLPreferencesWindowController.m */ = {isa = PBXFileReference; fileEncoding = 4; lastKnownFileType = sourcecode.c.objc; path = FLPreferencesWindowController.m; sourceTree = "<group>"; };
		7B9AA2C71427FBE2000D5CB4 /* FLPreferencesWindow.xib */ = {isa = PBXFileReference; fileEncoding = 4; lastKnownFileType = file.xib; path = FLPreferencesWindow.xib; sourceTree = "<group>"; };
		7BBA120713880B91000B0926 /* ScriptingBridge.framework */ = {isa = PBXFileReference; lastKnownFileType = wrapper.framework; name = ScriptingBridge.framework; path = System/Library/Frameworks/ScriptingBridge.framework; sourceTree = SDKROOT; };
		7BBA120A13880C01000B0926 /* Readme.md */ = {isa = PBXFileReference; lastKnownFileType = net.daringfireball.markdown; path = Readme.md; sourceTree = "<group>"; };
		7BEB8001138958EA0094B7BC /* FLDurationTransformer.h */ = {isa = PBXFileReference; fileEncoding = 4; lastKnownFileType = sourcecode.c.h; path = FLDurationTransformer.h; sourceTree = "<group>"; };
		7BEB8002138958EA0094B7BC /* FLDurationTransformer.m */ = {isa = PBXFileReference; fileEncoding = 4; lastKnownFileType = sourcecode.c.objc; path = FLDurationTransformer.m; sourceTree = "<group>"; };
/* End PBXFileReference section */

/* Begin PBXFrameworksBuildPhase section */
		7B6076011364637300BDC2BE /* Frameworks */ = {
			isa = PBXFrameworksBuildPhase;
			buildActionMask = 2147483647;
			files = (
				7BBA120813880B91000B0926 /* ScriptingBridge.framework in Frameworks */,
				7B6076091364637300BDC2BE /* Cocoa.framework in Frameworks */,
			);
			runOnlyForDeploymentPostprocessing = 0;
		};
/* End PBXFrameworksBuildPhase section */

/* Begin PBXGroup section */
		7B6075F91364637300BDC2BE = {
			isa = PBXGroup;
			children = (
				7BBA120A13880C01000B0926 /* Readme.md */,
				7B60760E1364637300BDC2BE /* Tunes Time Counter */,
				7B6076071364637300BDC2BE /* Frameworks */,
				7B6076051364637300BDC2BE /* Products */,
			);
			sourceTree = "<group>";
		};
		7B6076051364637300BDC2BE /* Products */ = {
			isa = PBXGroup;
			children = (
				7B6076041364637300BDC2BE /* Tunes Time Counter.app */,
			);
			name = Products;
			sourceTree = "<group>";
		};
		7B6076071364637300BDC2BE /* Frameworks */ = {
			isa = PBXGroup;
			children = (
				7B6076081364637300BDC2BE /* Cocoa.framework */,
				7B60760A1364637300BDC2BE /* Other Frameworks */,
			);
			name = Frameworks;
			sourceTree = "<group>";
		};
		7B60760A1364637300BDC2BE /* Other Frameworks */ = {
			isa = PBXGroup;
			children = (
				7B60760B1364637300BDC2BE /* AppKit.framework */,
				7B60760C1364637300BDC2BE /* CoreData.framework */,
				7B60760D1364637300BDC2BE /* Foundation.framework */,
				7BBA120713880B91000B0926 /* ScriptingBridge.framework */,
			);
			name = "Other Frameworks";
			sourceTree = "<group>";
		};
		7B60760E1364637300BDC2BE /* Tunes Time Counter */ = {
			isa = PBXGroup;
			children = (
				7B342B42147C8B6C003FD577 /* Tunes Time Counter.entitlements */,
				7B60761D1364637400BDC2BE /* MainMenu.xib */,
				7B60761A1364637300BDC2BE /* TunesTimeCounterAppDelegate.h */,
				7B60761B1364637300BDC2BE /* TunesTimeCounterAppDelegate.m */,
				7B9AA2C71427FBE2000D5CB4 /* FLPreferencesWindow.xib */,
				7B9AA2C31427FBBA000D5CB4 /* FLPreferencesWindowController.h */,
				7B9AA2C41427FBBA000D5CB4 /* FLPreferencesWindowController.m */,
				7BEB8001138958EA0094B7BC /* FLDurationTransformer.h */,
				7BEB8002138958EA0094B7BC /* FLDurationTransformer.m */,
				7B60760F1364637300BDC2BE /* Supporting Files */,
			);
			path = "Tunes Time Counter";
			sourceTree = "<group>";
		};
		7B60760F1364637300BDC2BE /* Supporting Files */ = {
			isa = PBXGroup;
			children = (
				7B93E37F22A16DBA00709971 /* Assets.xcassets */,
				7B6076101364637300BDC2BE /* Tunes Time Counter-Info.plist */,
				7B6076111364637300BDC2BE /* InfoPlist.strings */,
				7B7984DF138935E3001AB3E3 /* Localizable.strings */,
				7B6076141364637300BDC2BE /* Tunes Time Counter-Prefix.pch */,
				7B7984DA13892ED5001AB3E3 /* iTunes.h */,
				7B7984D913892DA5001AB3E3 /* FLUtils.h */,
				7B7984E013893DC2001AB3E3 /* FLUtils.m */,
				7B7C6CB2138A9F0F00771902 /* FLConstants.h */,
				7B6076151364637300BDC2BE /* main.m */,
				7B6076171364637300BDC2BE /* Credits.rtf */,
			);
			name = "Supporting Files";
			sourceTree = "<group>";
		};
/* End PBXGroup section */

/* Begin PBXNativeTarget section */
		7B6076031364637300BDC2BE /* Tunes Time Counter */ = {
			isa = PBXNativeTarget;
			buildConfigurationList = 7B6076221364637400BDC2BE /* Build configuration list for PBXNativeTarget "Tunes Time Counter" */;
			buildPhases = (
				7B6076001364637300BDC2BE /* Sources */,
				7B6076011364637300BDC2BE /* Frameworks */,
				7B6076021364637300BDC2BE /* Resources */,
			);
			buildRules = (
			);
			dependencies = (
			);
			name = "Tunes Time Counter";
			productName = "Tunes Time Counter";
			productReference = 7B6076041364637300BDC2BE /* Tunes Time Counter.app */;
			productType = "com.apple.product-type.application";
		};
/* End PBXNativeTarget section */

/* Begin PBXProject section */
		7B6075FB1364637300BDC2BE /* Project object */ = {
			isa = PBXProject;
			attributes = {
				LastUpgradeCheck = 1020;
				ORGANIZATIONNAME = "Frost Land";
				TargetAttributes = {
					7B6076031364637300BDC2BE = {
						DevelopmentTeam = DVL8GW97S8;
						ProvisioningStyle = Automatic;
						SystemCapabilities = {
							com.apple.HardenedRuntime = {
								enabled = 1;
							};
							com.apple.Sandbox = {
								enabled = 1;
							};
						};
					};
				};
			};
			buildConfigurationList = 7B6075FE1364637300BDC2BE /* Build configuration list for PBXProject "Tunes Time Counter" */;
			compatibilityVersion = "Xcode 3.2";
			developmentRegion = en;
			hasScannedForEncodings = 0;
			knownRegions = (
				en,
				Base,
			);
			mainGroup = 7B6075F91364637300BDC2BE;
			productRefGroup = 7B6076051364637300BDC2BE /* Products */;
			projectDirPath = "";
			projectRoot = "";
			targets = (
				7B6076031364637300BDC2BE /* Tunes Time Counter */,
			);
		};
/* End PBXProject section */

/* Begin PBXResourcesBuildPhase section */
		7B6076021364637300BDC2BE /* Resources */ = {
			isa = PBXResourcesBuildPhase;
			buildActionMask = 2147483647;
			files = (
				7B6076131364637300BDC2BE /* InfoPlist.strings in Resources */,
				7B6076191364637300BDC2BE /* Credits.rtf in Resources */,
				7B60761F1364637400BDC2BE /* MainMenu.xib in Resources */,
				7B7984DD138935E3001AB3E3 /* Localizable.strings in Resources */,
				7B93E38022A16DBA00709971 /* Assets.xcassets in Resources */,
				7B9AA2C81427FBE2000D5CB4 /* FLPreferencesWindow.xib in Resources */,
			);
			runOnlyForDeploymentPostprocessing = 0;
		};
/* End PBXResourcesBuildPhase section */

/* Begin PBXSourcesBuildPhase section */
		7B6076001364637300BDC2BE /* Sources */ = {
			isa = PBXSourcesBuildPhase;
			buildActionMask = 2147483647;
			files = (
				7B6076161364637300BDC2BE /* main.m in Sources */,
				7B60761C1364637300BDC2BE /* TunesTimeCounterAppDelegate.m in Sources */,
				7B7984E113893DC2001AB3E3 /* FLUtils.m in Sources */,
				7BEB8003138958EA0094B7BC /* FLDurationTransformer.m in Sources */,
				7B9AA2C51427FBBA000D5CB4 /* FLPreferencesWindowController.m in Sources */,
			);
			runOnlyForDeploymentPostprocessing = 0;
		};
/* End PBXSourcesBuildPhase section */

/* Begin PBXVariantGroup section */
		7B6076111364637300BDC2BE /* InfoPlist.strings */ = {
			isa = PBXVariantGroup;
			children = (
				7B6076121364637300BDC2BE /* en */,
			);
			name = InfoPlist.strings;
			sourceTree = "<group>";
		};
		7B6076171364637300BDC2BE /* Credits.rtf */ = {
			isa = PBXVariantGroup;
			children = (
				7B6076181364637300BDC2BE /* en */,
			);
			name = Credits.rtf;
			sourceTree = "<group>";
		};
		7B60761D1364637400BDC2BE /* MainMenu.xib */ = {
			isa = PBXVariantGroup;
			children = (
				7B94D1ED22A07D8000848832 /* Base */,
			);
			name = MainMenu.xib;
			sourceTree = "<group>";
		};
		7B7984DF138935E3001AB3E3 /* Localizable.strings */ = {
			isa = PBXVariantGroup;
			children = (
				7B7984DE138935E3001AB3E3 /* en */,
			);
			name = Localizable.strings;
			sourceTree = "<group>";
		};
/* End PBXVariantGroup section */

/* Begin XCBuildConfiguration section */
		7B6076201364637400BDC2BE /* Debug */ = {
			isa = XCBuildConfiguration;
			buildSettings = {
				CLANG_ANALYZER_LOCALIZABILITY_NONLOCALIZED = YES;
				CLANG_WARN_BLOCK_CAPTURE_AUTORELEASING = YES;
				CLANG_WARN_BOOL_CONVERSION = YES;
				CLANG_WARN_COMMA = YES;
				CLANG_WARN_CONSTANT_CONVERSION = YES;
				CLANG_WARN_DEPRECATED_OBJC_IMPLEMENTATIONS = YES;
				CLANG_WARN_EMPTY_BODY = YES;
				CLANG_WARN_ENUM_CONVERSION = YES;
				CLANG_WARN_INFINITE_RECURSION = YES;
				CLANG_WARN_INT_CONVERSION = YES;
				CLANG_WARN_NON_LITERAL_NULL_CONVERSION = YES;
				CLANG_WARN_OBJC_IMPLICIT_RETAIN_SELF = YES;
				CLANG_WARN_OBJC_LITERAL_CONVERSION = YES;
				CLANG_WARN_RANGE_LOOP_ANALYSIS = YES;
				CLANG_WARN_STRICT_PROTOTYPES = YES;
				CLANG_WARN_SUSPICIOUS_MOVE = YES;
				CLANG_WARN_UNREACHABLE_CODE = YES;
				CLANG_WARN__DUPLICATE_METHOD_MATCH = YES;
				ENABLE_STRICT_OBJC_MSGSEND = YES;
				ENABLE_TESTABILITY = YES;
				GCC_C_LANGUAGE_STANDARD = gnu99;
				GCC_NO_COMMON_BLOCKS = YES;
				GCC_OPTIMIZATION_LEVEL = 0;
				GCC_PREPROCESSOR_DEFINITIONS = DEBUG;
				GCC_SYMBOLS_PRIVATE_EXTERN = NO;
				GCC_VERSION = com.apple.compilers.llvm.clang.1_0;
				GCC_WARN_64_TO_32_BIT_CONVERSION = YES;
				GCC_WARN_ABOUT_MISSING_PROTOTYPES = YES;
				GCC_WARN_ABOUT_RETURN_TYPE = YES;
				GCC_WARN_UNDECLARED_SELECTOR = YES;
				GCC_WARN_UNINITIALIZED_AUTOS = YES;
				GCC_WARN_UNUSED_FUNCTION = YES;
				GCC_WARN_UNUSED_VARIABLE = YES;
				MACOSX_DEPLOYMENT_TARGET = 10.8;
				ONLY_ACTIVE_ARCH = YES;
				SDKROOT = macosx;
			};
			name = Debug;
		};
		7B6076211364637400BDC2BE /* Release */ = {
			isa = XCBuildConfiguration;
			buildSettings = {
				CLANG_ANALYZER_LOCALIZABILITY_NONLOCALIZED = YES;
				CLANG_WARN_BLOCK_CAPTURE_AUTORELEASING = YES;
				CLANG_WARN_BOOL_CONVERSION = YES;
				CLANG_WARN_COMMA = YES;
				CLANG_WARN_CONSTANT_CONVERSION = YES;
				CLANG_WARN_DEPRECATED_OBJC_IMPLEMENTATIONS = YES;
				CLANG_WARN_EMPTY_BODY = YES;
				CLANG_WARN_ENUM_CONVERSION = YES;
				CLANG_WARN_INFINITE_RECURSION = YES;
				CLANG_WARN_INT_CONVERSION = YES;
				CLANG_WARN_NON_LITERAL_NULL_CONVERSION = YES;
				CLANG_WARN_OBJC_IMPLICIT_RETAIN_SELF = YES;
				CLANG_WARN_OBJC_LITERAL_CONVERSION = YES;
				CLANG_WARN_RANGE_LOOP_ANALYSIS = YES;
				CLANG_WARN_STRICT_PROTOTYPES = YES;
				CLANG_WARN_SUSPICIOUS_MOVE = YES;
				CLANG_WARN_UNREACHABLE_CODE = YES;
				CLANG_WARN__DUPLICATE_METHOD_MATCH = YES;
				ENABLE_STRICT_OBJC_MSGSEND = YES;
				GCC_C_LANGUAGE_STANDARD = gnu99;
				GCC_NO_COMMON_BLOCKS = YES;
				GCC_VERSION = com.apple.compilers.llvm.clang.1_0;
				GCC_WARN_64_TO_32_BIT_CONVERSION = YES;
				GCC_WARN_ABOUT_MISSING_PROTOTYPES = YES;
				GCC_WARN_ABOUT_RETURN_TYPE = YES;
				GCC_WARN_UNDECLARED_SELECTOR = YES;
				GCC_WARN_UNINITIALIZED_AUTOS = YES;
				GCC_WARN_UNUSED_FUNCTION = YES;
				GCC_WARN_UNUSED_VARIABLE = YES;
				MACOSX_DEPLOYMENT_TARGET = 10.8;
				SDKROOT = macosx;
			};
			name = Release;
		};
		7B6076231364637400BDC2BE /* Debug */ = {
			isa = XCBuildConfiguration;
			buildSettings = {
				ALWAYS_SEARCH_USER_PATHS = NO;
				ASSETCATALOG_COMPILER_APPICON_NAME = AppIcon;
				CLANG_ENABLE_OBJC_ARC = YES;
				CLANG_ENABLE_OBJC_WEAK = YES;
				CODE_SIGN_ENTITLEMENTS = "Tunes Time Counter/Tunes Time Counter.entitlements";
				CODE_SIGN_IDENTITY = "Mac Developer";
				CODE_SIGN_STYLE = Automatic;
				COPY_PHASE_STRIP = NO;
				DEVELOPMENT_TEAM = DVL8GW97S8;
				ENABLE_HARDENED_RUNTIME = YES;
				GCC_DYNAMIC_NO_PIC = NO;
				GCC_ENABLE_OBJC_EXCEPTIONS = YES;
				GCC_PRECOMPILE_PREFIX_HEADER = YES;
				GCC_PREFIX_HEADER = "Tunes Time Counter/Tunes Time Counter-Prefix.pch";
				INFOPLIST_FILE = "Tunes Time Counter/Tunes Time Counter-Info.plist";
				PRODUCT_BUNDLE_IDENTIFIER = "fr.frostland.${PRODUCT_NAME:rfc1034identifier}";
				PRODUCT_NAME = "$(TARGET_NAME)";
				PROVISIONING_PROFILE_SPECIFIER = "";
				WRAPPER_EXTENSION = app;
			};
			name = Debug;
		};
		7B6076241364637400BDC2BE /* Release */ = {
			isa = XCBuildConfiguration;
			buildSettings = {
				ALWAYS_SEARCH_USER_PATHS = NO;
				ASSETCATALOG_COMPILER_APPICON_NAME = AppIcon;
				CLANG_ENABLE_OBJC_ARC = YES;
				CLANG_ENABLE_OBJC_WEAK = YES;
				CODE_SIGN_ENTITLEMENTS = "Tunes Time Counter/Tunes Time Counter.entitlements";
				CODE_SIGN_IDENTITY = "Mac Developer";
				CODE_SIGN_STYLE = Automatic;
				COPY_PHASE_STRIP = YES;
				DEBUG_INFORMATION_FORMAT = "dwarf-with-dsym";
				DEVELOPMENT_TEAM = DVL8GW97S8;
				ENABLE_HARDENED_RUNTIME = YES;
				GCC_ENABLE_OBJC_EXCEPTIONS = YES;
				GCC_PRECOMPILE_PREFIX_HEADER = YES;
				GCC_PREFIX_HEADER = "Tunes Time Counter/Tunes Time Counter-Prefix.pch";
				INFOPLIST_FILE = "Tunes Time Counter/Tunes Time Counter-Info.plist";
				PRODUCT_BUNDLE_IDENTIFIER = "fr.frostland.${PRODUCT_NAME:rfc1034identifier}";
				PRODUCT_NAME = "$(TARGET_NAME)";
				PROVISIONING_PROFILE_SPECIFIER = "";
				WRAPPER_EXTENSION = app;
			};
			name = Release;
		};
/* End XCBuildConfiguration section */

/* Begin XCConfigurationList section */
		7B6075FE1364637300BDC2BE /* Build configuration list for PBXProject "Tunes Time Counter" */ = {
			isa = XCConfigurationList;
			buildConfigurations = (
				7B6076201364637400BDC2BE /* Debug */,
				7B6076211364637400BDC2BE /* Release */,
			);
			defaultConfigurationIsVisible = 0;
			defaultConfigurationName = Release;
		};
		7B6076221364637400BDC2BE /* Build configuration list for PBXNativeTarget "Tunes Time Counter" */ = {
			isa = XCConfigurationList;
			buildConfigurations = (
				7B6076231364637400BDC2BE /* Debug */,
				7B6076241364637400BDC2BE /* Release */,
			);
			defaultConfigurationIsVisible = 0;
			defaultConfigurationName = Release;
		};
/* End XCConfigurationList section */
	};
	rootObject = 7B6075FB1364637300BDC2BE /* Project object */;
}
